// !$*UTF8*$!
{
	archiveVersion = 1;
	classes = {
	};
	objectVersion = 56;
	objects = {

/* Begin PBXBuildFile section */
		8C5BF4A92B2775510060D5EB /* CalculatorButtons.swift in Sources */ = {isa = PBXBuildFile; fileRef = 8C5BF4A82B2775510060D5EB /* CalculatorButtons.swift */; };
		8C5BF4AB2B2886110060D5EB /* EurostileBold.ttf in Resources */ = {isa = PBXBuildFile; fileRef = 8C5BF4AA2B2886110060D5EB /* EurostileBold.ttf */; };
		8C7D5AAE2B2497CA0088488A /* Calculator_ver3App.swift in Sources */ = {isa = PBXBuildFile; fileRef = 8C7D5AAD2B2497CA0088488A /* Calculator_ver3App.swift */; };
		8C7D5AB02B2497CA0088488A /* MainView.swift in Sources */ = {isa = PBXBuildFile; fileRef = 8C7D5AAF2B2497CA0088488A /* MainView.swift */; };
		8C7D5AB22B2497CE0088488A /* Assets.xcassets in Resources */ = {isa = PBXBuildFile; fileRef = 8C7D5AB12B2497CE0088488A /* Assets.xcassets */; };
		8C7D5AB52B2497CE0088488A /* Preview Assets.xcassets in Resources */ = {isa = PBXBuildFile; fileRef = 8C7D5AB42B2497CE0088488A /* Preview Assets.xcassets */; };
		8C7D5AC62B249B560088488A /* FoundationExtension.swift in Sources */ = {isa = PBXBuildFile; fileRef = 8C7D5AC52B249B560088488A /* FoundationExtension.swift */; };
		8C7D5AC92B249D1A0088488A /* FontManager.swift in Sources */ = {isa = PBXBuildFile; fileRef = 8C7D5AC82B249D1A0088488A /* FontManager.swift */; };
		8C7D5ACB2B24A1090088488A /* Colors.swift in Sources */ = {isa = PBXBuildFile; fileRef = 8C7D5ACA2B24A1090088488A /* Colors.swift */; };
		8C7D5ACD2B24A28D0088488A /* BungeeLayers-Regular.otf in Resources */ = {isa = PBXBuildFile; fileRef = 8C7D5ACC2B24A28D0088488A /* BungeeLayers-Regular.otf */; };
		8C7D5AD42B24A4EC0088488A /* DisplayShape.swift in Sources */ = {isa = PBXBuildFile; fileRef = 8C7D5AD32B24A4EC0088488A /* DisplayShape.swift */; };
		8C7D5AD92B24A8340088488A /* DisplayView.swift in Sources */ = {isa = PBXBuildFile; fileRef = 8C7D5AD82B24A8340088488A /* DisplayView.swift */; };
		8C7D5ADB2B24A8C30088488A /* MainViewModel.swift in Sources */ = {isa = PBXBuildFile; fileRef = 8C7D5ADA2B24A8C30088488A /* MainViewModel.swift */; };
		8C7D5ADD2B24A9EF0088488A /* Operation.swift in Sources */ = {isa = PBXBuildFile; fileRef = 8C7D5ADC2B24A9EF0088488A /* Operation.swift */; };
		8C7D5ADF2B24AB540088488A /* DialPad.swift in Sources */ = {isa = PBXBuildFile; fileRef = 8C7D5ADE2B24AB540088488A /* DialPad.swift */; };
		8C7D5AE12B24B9DA0088488A /* CalculatorPad.swift in Sources */ = {isa = PBXBuildFile; fileRef = 8C7D5AE02B24B9DA0088488A /* CalculatorPad.swift */; };
/* End PBXBuildFile section */

/* Begin PBXFileReference section */
		8C5BF4A82B2775510060D5EB /* CalculatorButtons.swift */ = {isa = PBXFileReference; lastKnownFileType = sourcecode.swift; path = CalculatorButtons.swift; sourceTree = "<group>"; };
		8C5BF4AA2B2886110060D5EB /* EurostileBold.ttf */ = {isa = PBXFileReference; lastKnownFileType = file; path = EurostileBold.ttf; sourceTree = "<group>"; };
		8C7D5AAA2B2497CA0088488A /* Calculator_ver3.app */ = {isa = PBXFileReference; explicitFileType = wrapper.application; includeInIndex = 0; path = Calculator_ver3.app; sourceTree = BUILT_PRODUCTS_DIR; };
		8C7D5AAD2B2497CA0088488A /* Calculator_ver3App.swift */ = {isa = PBXFileReference; lastKnownFileType = sourcecode.swift; path = Calculator_ver3App.swift; sourceTree = "<group>"; };
		8C7D5AAF2B2497CA0088488A /* MainView.swift */ = {isa = PBXFileReference; lastKnownFileType = sourcecode.swift; path = MainView.swift; sourceTree = "<group>"; };
		8C7D5AB12B2497CE0088488A /* Assets.xcassets */ = {isa = PBXFileReference; lastKnownFileType = folder.assetcatalog; path = Assets.xcassets; sourceTree = "<group>"; };
		8C7D5AB42B2497CE0088488A /* Preview Assets.xcassets */ = {isa = PBXFileReference; lastKnownFileType = folder.assetcatalog; path = "Preview Assets.xcassets"; sourceTree = "<group>"; };
		8C7D5AC52B249B560088488A /* FoundationExtension.swift */ = {isa = PBXFileReference; lastKnownFileType = sourcecode.swift; path = FoundationExtension.swift; sourceTree = "<group>"; };
		8C7D5AC82B249D1A0088488A /* FontManager.swift */ = {isa = PBXFileReference; lastKnownFileType = sourcecode.swift; path = FontManager.swift; sourceTree = "<group>"; };
		8C7D5ACA2B24A1090088488A /* Colors.swift */ = {isa = PBXFileReference; lastKnownFileType = sourcecode.swift; path = Colors.swift; sourceTree = "<group>"; };
		8C7D5ACC2B24A28D0088488A /* BungeeLayers-Regular.otf */ = {isa = PBXFileReference; lastKnownFileType = file; path = "BungeeLayers-Regular.otf"; sourceTree = "<group>"; };
		8C7D5ACE2B24A2AD0088488A /* Calculator-ver3-Info.plist */ = {isa = PBXFileReference; lastKnownFileType = text.plist.xml; name = "Calculator-ver3-Info.plist"; path = "Calculator_ver3/iOS/Resources/Calculator-ver3-Info.plist"; sourceTree = SOURCE_ROOT; };
		8C7D5AD32B24A4EC0088488A /* DisplayShape.swift */ = {isa = PBXFileReference; lastKnownFileType = sourcecode.swift; path = DisplayShape.swift; sourceTree = "<group>"; };
		8C7D5AD82B24A8340088488A /* DisplayView.swift */ = {isa = PBXFileReference; lastKnownFileType = sourcecode.swift; path = DisplayView.swift; sourceTree = "<group>"; };
		8C7D5ADA2B24A8C30088488A /* MainViewModel.swift */ = {isa = PBXFileReference; lastKnownFileType = sourcecode.swift; path = MainViewModel.swift; sourceTree = "<group>"; };
		8C7D5ADC2B24A9EF0088488A /* Operation.swift */ = {isa = PBXFileReference; lastKnownFileType = sourcecode.swift; path = Operation.swift; sourceTree = "<group>"; };
		8C7D5ADE2B24AB540088488A /* DialPad.swift */ = {isa = PBXFileReference; lastKnownFileType = sourcecode.swift; path = DialPad.swift; sourceTree = "<group>"; };
		8C7D5AE02B24B9DA0088488A /* CalculatorPad.swift */ = {isa = PBXFileReference; lastKnownFileType = sourcecode.swift; path = CalculatorPad.swift; sourceTree = "<group>"; };
/* End PBXFileReference section */

/* Begin PBXFrameworksBuildPhase section */
		8C7D5AA72B2497CA0088488A /* Frameworks */ = {
			isa = PBXFrameworksBuildPhase;
			buildActionMask = 2147483647;
			files = (
			);
			runOnlyForDeploymentPostprocessing = 0;
		};
/* End PBXFrameworksBuildPhase section */

/* Begin PBXGroup section */
		8C7D5AA12B2497CA0088488A = {
			isa = PBXGroup;
			children = (
				8C7D5AAC2B2497CA0088488A /* Calculator_ver3 */,
				8C7D5AAB2B2497CA0088488A /* Products */,
			);
			sourceTree = "<group>";
		};
		8C7D5AAB2B2497CA0088488A /* Products */ = {
			isa = PBXGroup;
			children = (
				8C7D5AAA2B2497CA0088488A /* Calculator_ver3.app */,
			);
			name = Products;
			sourceTree = "<group>";
		};
		8C7D5AAC2B2497CA0088488A /* Calculator_ver3 */ = {
			isa = PBXGroup;
			children = (
				8C7D5ABC2B249A300088488A /* iOS */,
			);
			path = Calculator_ver3;
			sourceTree = "<group>";
		};
		8C7D5AB32B2497CE0088488A /* Preview Content */ = {
			isa = PBXGroup;
			children = (
				8C7D5AB42B2497CE0088488A /* Preview Assets.xcassets */,
			);
			path = "Preview Content";
			sourceTree = "<group>";
		};
		8C7D5ABB2B249A020088488A /* Code */ = {
			isa = PBXGroup;
			children = (
				8C7D5ABF2B249A7B0088488A /* Common */,
				8C7D5AC12B249AAA0088488A /* Features */,
			);
			path = Code;
			sourceTree = "<group>";
		};
		8C7D5ABC2B249A300088488A /* iOS */ = {
			isa = PBXGroup;
			children = (
				8C7D5ABB2B249A020088488A /* Code */,
				8C7D5ABD2B249A420088488A /* Resources */,
			);
			path = iOS;
			sourceTree = "<group>";
		};
		8C7D5ABD2B249A420088488A /* Resources */ = {
			isa = PBXGroup;
			children = (
				8C7D5ACE2B24A2AD0088488A /* Calculator-ver3-Info.plist */,
				8C7D5AB12B2497CE0088488A /* Assets.xcassets */,
				8C7D5ABE2B249A5D0088488A /* Font */,
				8C7D5AB32B2497CE0088488A /* Preview Content */,
			);
			path = Resources;
			sourceTree = "<group>";
		};
		8C7D5ABE2B249A5D0088488A /* Font */ = {
			isa = PBXGroup;
			children = (
				8C5BF4AA2B2886110060D5EB /* EurostileBold.ttf */,
				8C7D5ACC2B24A28D0088488A /* BungeeLayers-Regular.otf */,
			);
			path = Font;
			sourceTree = "<group>";
		};
		8C7D5ABF2B249A7B0088488A /* Common */ = {
			isa = PBXGroup;
			children = (
				8C7D5AC02B249A930088488A /* Controllers */,
				8C7D5AC42B249B0D0088488A /* Extensions */,
				8C7D5AC72B249CE90088488A /* Utils */,
			);
			path = Common;
			sourceTree = "<group>";
		};
		8C7D5AC02B249A930088488A /* Controllers */ = {
			isa = PBXGroup;
			children = (
				8C7D5AAD2B2497CA0088488A /* Calculator_ver3App.swift */,
			);
			path = Controllers;
			sourceTree = "<group>";
		};
		8C7D5AC12B249AAA0088488A /* Features */ = {
			isa = PBXGroup;
			children = (
				8C7D5AC22B249AC30088488A /* Main */,
			);
			path = Features;
			sourceTree = "<group>";
		};
		8C7D5AC22B249AC30088488A /* Main */ = {
			isa = PBXGroup;
			children = (
				8C7D5ACF2B24A4690088488A /* Models */,
				8C7D5AC32B249AC90088488A /* View */,
				8C7D5AD02B24A4770088488A /* ViewModels */,
			);
			path = Main;
			sourceTree = "<group>";
		};
		8C7D5AC32B249AC90088488A /* View */ = {
			isa = PBXGroup;
			children = (
				8C7D5AAF2B2497CA0088488A /* MainView.swift */,
				8C7D5AD12B24A4980088488A /* Support Shapes */,
				8C7D5AD22B24A4AC0088488A /* Support Views */,
			);
			path = View;
			sourceTree = "<group>";
		};
		8C7D5AC42B249B0D0088488A /* Extensions */ = {
			isa = PBXGroup;
			children = (
				8C7D5AC52B249B560088488A /* FoundationExtension.swift */,
			);
			path = Extensions;
			sourceTree = "<group>";
		};
		8C7D5AC72B249CE90088488A /* Utils */ = {
			isa = PBXGroup;
			children = (
				8C7D5AC82B249D1A0088488A /* FontManager.swift */,
				8C7D5ACA2B24A1090088488A /* Colors.swift */,
			);
			path = Utils;
			sourceTree = "<group>";
		};
		8C7D5ACF2B24A4690088488A /* Models */ = {
			isa = PBXGroup;
			children = (
				8C7D5ADC2B24A9EF0088488A /* Operation.swift */,
				8C7D5ADE2B24AB540088488A /* DialPad.swift */,
			);
			path = Models;
			sourceTree = "<group>";
		};
		8C7D5AD02B24A4770088488A /* ViewModels */ = {
			isa = PBXGroup;
			children = (
				8C7D5ADA2B24A8C30088488A /* MainViewModel.swift */,
			);
			path = ViewModels;
			sourceTree = "<group>";
		};
		8C7D5AD12B24A4980088488A /* Support Shapes */ = {
			isa = PBXGroup;
			children = (
				8C7D5AD32B24A4EC0088488A /* DisplayShape.swift */,
			);
			path = "Support Shapes";
			sourceTree = "<group>";
		};
		8C7D5AD22B24A4AC0088488A /* Support Views */ = {
			isa = PBXGroup;
			children = (
				8C7D5AD82B24A8340088488A /* DisplayView.swift */,
				8C7D5AE02B24B9DA0088488A /* CalculatorPad.swift */,
				8C5BF4A82B2775510060D5EB /* CalculatorButtons.swift */,
			);
			path = "Support Views";
			sourceTree = "<group>";
		};
/* End PBXGroup section */

/* Begin PBXNativeTarget section */
		8C7D5AA92B2497CA0088488A /* Calculator_ver3 */ = {
			isa = PBXNativeTarget;
			buildConfigurationList = 8C7D5AB82B2497CE0088488A /* Build configuration list for PBXNativeTarget "Calculator_ver3" */;
			buildPhases = (
				8C7D5AA62B2497CA0088488A /* Sources */,
				8C7D5AA72B2497CA0088488A /* Frameworks */,
				8C7D5AA82B2497CA0088488A /* Resources */,
			);
			buildRules = (
			);
			dependencies = (
			);
			name = Calculator_ver3;
			productName = Calculator_ver3;
			productReference = 8C7D5AAA2B2497CA0088488A /* Calculator_ver3.app */;
			productType = "com.apple.product-type.application";
		};
/* End PBXNativeTarget section */

/* Begin PBXProject section */
		8C7D5AA22B2497CA0088488A /* Project object */ = {
			isa = PBXProject;
			attributes = {
				BuildIndependentTargetsInParallel = 1;
				LastSwiftUpdateCheck = 1500;
				LastUpgradeCheck = 1500;
				TargetAttributes = {
					8C7D5AA92B2497CA0088488A = {
						CreatedOnToolsVersion = 15.0.1;
					};
				};
			};
			buildConfigurationList = 8C7D5AA52B2497CA0088488A /* Build configuration list for PBXProject "Calculator_ver3" */;
			compatibilityVersion = "Xcode 14.0";
			developmentRegion = en;
			hasScannedForEncodings = 0;
			knownRegions = (
				en,
				Base,
			);
			mainGroup = 8C7D5AA12B2497CA0088488A;
			productRefGroup = 8C7D5AAB2B2497CA0088488A /* Products */;
			projectDirPath = "";
			projectRoot = "";
			targets = (
				8C7D5AA92B2497CA0088488A /* Calculator_ver3 */,
			);
		};
/* End PBXProject section */

/* Begin PBXResourcesBuildPhase section */
		8C7D5AA82B2497CA0088488A /* Resources */ = {
			isa = PBXResourcesBuildPhase;
			buildActionMask = 2147483647;
			files = (
				8C7D5ACD2B24A28D0088488A /* BungeeLayers-Regular.otf in Resources */,
				8C7D5AB52B2497CE0088488A /* Preview Assets.xcassets in Resources */,
				8C5BF4AB2B2886110060D5EB /* EurostileBold.ttf in Resources */,
				8C7D5AB22B2497CE0088488A /* Assets.xcassets in Resources */,
			);
			runOnlyForDeploymentPostprocessing = 0;
		};
/* End PBXResourcesBuildPhase section */

/* Begin PBXSourcesBuildPhase section */
		8C7D5AA62B2497CA0088488A /* Sources */ = {
			isa = PBXSourcesBuildPhase;
			buildActionMask = 2147483647;
			files = (
				8C7D5AD42B24A4EC0088488A /* DisplayShape.swift in Sources */,
				8C7D5AD92B24A8340088488A /* DisplayView.swift in Sources */,
				8C7D5AC62B249B560088488A /* FoundationExtension.swift in Sources */,
				8C7D5ACB2B24A1090088488A /* Colors.swift in Sources */,
				8C7D5AE12B24B9DA0088488A /* CalculatorPad.swift in Sources */,
				8C7D5ADF2B24AB540088488A /* DialPad.swift in Sources */,
				8C7D5AB02B2497CA0088488A /* MainView.swift in Sources */,
				8C5BF4A92B2775510060D5EB /* CalculatorButtons.swift in Sources */,
				8C7D5ADD2B24A9EF0088488A /* Operation.swift in Sources */,
				8C7D5AC92B249D1A0088488A /* FontManager.swift in Sources */,
				8C7D5AAE2B2497CA0088488A /* Calculator_ver3App.swift in Sources */,
				8C7D5ADB2B24A8C30088488A /* MainViewModel.swift in Sources */,
			);
			runOnlyForDeploymentPostprocessing = 0;
		};
/* End PBXSourcesBuildPhase section */

/* Begin XCBuildConfiguration section */
		8C7D5AB62B2497CE0088488A /* Debug */ = {
			isa = XCBuildConfiguration;
			buildSettings = {
				ALWAYS_SEARCH_USER_PATHS = NO;
				ASSETCATALOG_COMPILER_GENERATE_SWIFT_ASSET_SYMBOL_EXTENSIONS = YES;
				CLANG_ANALYZER_NONNULL = YES;
				CLANG_ANALYZER_NUMBER_OBJECT_CONVERSION = YES_AGGRESSIVE;
				CLANG_CXX_LANGUAGE_STANDARD = "gnu++20";
				CLANG_ENABLE_MODULES = YES;
				CLANG_ENABLE_OBJC_ARC = YES;
				CLANG_ENABLE_OBJC_WEAK = YES;
				CLANG_WARN_BLOCK_CAPTURE_AUTORELEASING = YES;
				CLANG_WARN_BOOL_CONVERSION = YES;
				CLANG_WARN_COMMA = YES;
				CLANG_WARN_CONSTANT_CONVERSION = YES;
				CLANG_WARN_DEPRECATED_OBJC_IMPLEMENTATIONS = YES;
				CLANG_WARN_DIRECT_OBJC_ISA_USAGE = YES_ERROR;
				CLANG_WARN_DOCUMENTATION_COMMENTS = YES;
				CLANG_WARN_EMPTY_BODY = YES;
				CLANG_WARN_ENUM_CONVERSION = YES;
				CLANG_WARN_INFINITE_RECURSION = YES;
				CLANG_WARN_INT_CONVERSION = YES;
				CLANG_WARN_NON_LITERAL_NULL_CONVERSION = YES;
				CLANG_WARN_OBJC_IMPLICIT_RETAIN_SELF = YES;
				CLANG_WARN_OBJC_LITERAL_CONVERSION = YES;
				CLANG_WARN_OBJC_ROOT_CLASS = YES_ERROR;
				CLANG_WARN_QUOTED_INCLUDE_IN_FRAMEWORK_HEADER = YES;
				CLANG_WARN_RANGE_LOOP_ANALYSIS = YES;
				CLANG_WARN_STRICT_PROTOTYPES = YES;
				CLANG_WARN_SUSPICIOUS_MOVE = YES;
				CLANG_WARN_UNGUARDED_AVAILABILITY = YES_AGGRESSIVE;
				CLANG_WARN_UNREACHABLE_CODE = YES;
				CLANG_WARN__DUPLICATE_METHOD_MATCH = YES;
				COPY_PHASE_STRIP = NO;
				DEBUG_INFORMATION_FORMAT = dwarf;
				ENABLE_STRICT_OBJC_MSGSEND = YES;
				ENABLE_TESTABILITY = YES;
				ENABLE_USER_SCRIPT_SANDBOXING = YES;
				GCC_C_LANGUAGE_STANDARD = gnu17;
				GCC_DYNAMIC_NO_PIC = NO;
				GCC_NO_COMMON_BLOCKS = YES;
				GCC_OPTIMIZATION_LEVEL = 0;
				GCC_PREPROCESSOR_DEFINITIONS = (
					"DEBUG=1",
					"$(inherited)",
				);
				GCC_WARN_64_TO_32_BIT_CONVERSION = YES;
				GCC_WARN_ABOUT_RETURN_TYPE = YES_ERROR;
				GCC_WARN_UNDECLARED_SELECTOR = YES;
				GCC_WARN_UNINITIALIZED_AUTOS = YES_AGGRESSIVE;
				GCC_WARN_UNUSED_FUNCTION = YES;
				GCC_WARN_UNUSED_VARIABLE = YES;
				IPHONEOS_DEPLOYMENT_TARGET = 17.0;
				LOCALIZATION_PREFERS_STRING_CATALOGS = YES;
				MTL_ENABLE_DEBUG_INFO = INCLUDE_SOURCE;
				MTL_FAST_MATH = YES;
				ONLY_ACTIVE_ARCH = YES;
				SDKROOT = iphoneos;
				SWIFT_ACTIVE_COMPILATION_CONDITIONS = "DEBUG $(inherited)";
				SWIFT_OPTIMIZATION_LEVEL = "-Onone";
			};
			name = Debug;
		};
		8C7D5AB72B2497CE0088488A /* Release */ = {
			isa = XCBuildConfiguration;
			buildSettings = {
				ALWAYS_SEARCH_USER_PATHS = NO;
				ASSETCATALOG_COMPILER_GENERATE_SWIFT_ASSET_SYMBOL_EXTENSIONS = YES;
				CLANG_ANALYZER_NONNULL = YES;
				CLANG_ANALYZER_NUMBER_OBJECT_CONVERSION = YES_AGGRESSIVE;
				CLANG_CXX_LANGUAGE_STANDARD = "gnu++20";
				CLANG_ENABLE_MODULES = YES;
				CLANG_ENABLE_OBJC_ARC = YES;
				CLANG_ENABLE_OBJC_WEAK = YES;
				CLANG_WARN_BLOCK_CAPTURE_AUTORELEASING = YES;
				CLANG_WARN_BOOL_CONVERSION = YES;
				CLANG_WARN_COMMA = YES;
				CLANG_WARN_CONSTANT_CONVERSION = YES;
				CLANG_WARN_DEPRECATED_OBJC_IMPLEMENTATIONS = YES;
				CLANG_WARN_DIRECT_OBJC_ISA_USAGE = YES_ERROR;
				CLANG_WARN_DOCUMENTATION_COMMENTS = YES;
				CLANG_WARN_EMPTY_BODY = YES;
				CLANG_WARN_ENUM_CONVERSION = YES;
				CLANG_WARN_INFINITE_RECURSION = YES;
				CLANG_WARN_INT_CONVERSION = YES;
				CLANG_WARN_NON_LITERAL_NULL_CONVERSION = YES;
				CLANG_WARN_OBJC_IMPLICIT_RETAIN_SELF = YES;
				CLANG_WARN_OBJC_LITERAL_CONVERSION = YES;
				CLANG_WARN_OBJC_ROOT_CLASS = YES_ERROR;
				CLANG_WARN_QUOTED_INCLUDE_IN_FRAMEWORK_HEADER = YES;
				CLANG_WARN_RANGE_LOOP_ANALYSIS = YES;
				CLANG_WARN_STRICT_PROTOTYPES = YES;
				CLANG_WARN_SUSPICIOUS_MOVE = YES;
				CLANG_WARN_UNGUARDED_AVAILABILITY = YES_AGGRESSIVE;
				CLANG_WARN_UNREACHABLE_CODE = YES;
				CLANG_WARN__DUPLICATE_METHOD_MATCH = YES;
				COPY_PHASE_STRIP = NO;
				DEBUG_INFORMATION_FORMAT = "dwarf-with-dsym";
				ENABLE_NS_ASSERTIONS = NO;
				ENABLE_STRICT_OBJC_MSGSEND = YES;
				ENABLE_USER_SCRIPT_SANDBOXING = YES;
				GCC_C_LANGUAGE_STANDARD = gnu17;
				GCC_NO_COMMON_BLOCKS = YES;
				GCC_WARN_64_TO_32_BIT_CONVERSION = YES;
				GCC_WARN_ABOUT_RETURN_TYPE = YES_ERROR;
				GCC_WARN_UNDECLARED_SELECTOR = YES;
				GCC_WARN_UNINITIALIZED_AUTOS = YES_AGGRESSIVE;
				GCC_WARN_UNUSED_FUNCTION = YES;
				GCC_WARN_UNUSED_VARIABLE = YES;
				IPHONEOS_DEPLOYMENT_TARGET = 17.0;
				LOCALIZATION_PREFERS_STRING_CATALOGS = YES;
				MTL_ENABLE_DEBUG_INFO = NO;
				MTL_FAST_MATH = YES;
				SDKROOT = iphoneos;
				SWIFT_COMPILATION_MODE = wholemodule;
				VALIDATE_PRODUCT = YES;
			};
			name = Release;
		};
		8C7D5AB92B2497CE0088488A /* Debug */ = {
			isa = XCBuildConfiguration;
			buildSettings = {
				ASSETCATALOG_COMPILER_APPICON_NAME = AppIcon;
				ASSETCATALOG_COMPILER_GLOBAL_ACCENT_COLOR_NAME = AccentColor;
				CODE_SIGN_STYLE = Automatic;
				CURRENT_PROJECT_VERSION = 1;
				DEVELOPMENT_ASSET_PATHS = "\"Calculator_ver3/iOS/Resources/Preview Content\"";
				DEVELOPMENT_TEAM = DD3P835Y9D;
				ENABLE_PREVIEWS = YES;
				GENERATE_INFOPLIST_FILE = YES;
				INFOPLIST_FILE = "Calculator_ver3/iOS/Resources/Calculator-ver3-Info.plist";
				INFOPLIST_KEY_UIApplicationSceneManifest_Generation = YES;
				INFOPLIST_KEY_UIApplicationSupportsIndirectInputEvents = YES;
				INFOPLIST_KEY_UILaunchScreen_Generation = YES;
				INFOPLIST_KEY_UISupportedInterfaceOrientations_iPad = "UIInterfaceOrientationPortrait UIInterfaceOrientationPortraitUpsideDown UIInterfaceOrientationLandscapeLeft UIInterfaceOrientationLandscapeRight";
				INFOPLIST_KEY_UISupportedInterfaceOrientations_iPhone = "UIInterfaceOrientationPortrait UIInterfaceOrientationLandscapeLeft UIInterfaceOrientationLandscapeRight";
				LD_RUNPATH_SEARCH_PATHS = (
					"$(inherited)",
					"@executable_path/Frameworks",
				);
				MARKETING_VERSION = 1.0;
				PRODUCT_BUNDLE_IDENTIFIER = "com.aldnur.Calculator-ver3";
				PRODUCT_NAME = "$(TARGET_NAME)";
				SWIFT_EMIT_LOC_STRINGS = YES;
				SWIFT_VERSION = 5.0;
				TARGETED_DEVICE_FAMILY = "1,2";
			};
			name = Debug;
		};
		8C7D5ABA2B2497CE0088488A /* Release */ = {
			isa = XCBuildConfiguration;
			buildSettings = {
				ASSETCATALOG_COMPILER_APPICON_NAME = AppIcon;
				ASSETCATALOG_COMPILER_GLOBAL_ACCENT_COLOR_NAME = AccentColor;
				CODE_SIGN_STYLE = Automatic;
				CURRENT_PROJECT_VERSION = 1;
				DEVELOPMENT_ASSET_PATHS = "\"Calculator_ver3/iOS/Resources/Preview Content\"";
				DEVELOPMENT_TEAM = DD3P835Y9D;
				ENABLE_PREVIEWS = YES;
				GENERATE_INFOPLIST_FILE = YES;
				INFOPLIST_FILE = "Calculator_ver3/iOS/Resources/Calculator-ver3-Info.plist";
				INFOPLIST_KEY_UIApplicationSceneManifest_Generation = YES;
				INFOPLIST_KEY_UIApplicationSupportsIndirectInputEvents = YES;
				INFOPLIST_KEY_UILaunchScreen_Generation = YES;
				INFOPLIST_KEY_UISupportedInterfaceOrientations_iPad = "UIInterfaceOrientationPortrait UIInterfaceOrientationPortraitUpsideDown UIInterfaceOrientationLandscapeLeft UIInterfaceOrientationLandscapeRight";
				INFOPLIST_KEY_UISupportedInterfaceOrientations_iPhone = "UIInterfaceOrientationPortrait UIInterfaceOrientationLandscapeLeft UIInterfaceOrientationLandscapeRight";
				LD_RUNPATH_SEARCH_PATHS = (
					"$(inherited)",
					"@executable_path/Frameworks",
				);
				MARKETING_VERSION = 1.0;
				PRODUCT_BUNDLE_IDENTIFIER = "com.aldnur.Calculator-ver3";
				PRODUCT_NAME = "$(TARGET_NAME)";
				SWIFT_EMIT_LOC_STRINGS = YES;
				SWIFT_VERSION = 5.0;
				TARGETED_DEVICE_FAMILY = "1,2";
			};
			name = Release;
		};
/* End XCBuildConfiguration section */

/* Begin XCConfigurationList section */
		8C7D5AA52B2497CA0088488A /* Build configuration list for PBXProject "Calculator_ver3" */ = {
			isa = XCConfigurationList;
			buildConfigurations = (
				8C7D5AB62B2497CE0088488A /* Debug */,
				8C7D5AB72B2497CE0088488A /* Release */,
			);
			defaultConfigurationIsVisible = 0;
			defaultConfigurationName = Release;
		};
		8C7D5AB82B2497CE0088488A /* Build configuration list for PBXNativeTarget "Calculator_ver3" */ = {
			isa = XCConfigurationList;
			buildConfigurations = (
				8C7D5AB92B2497CE0088488A /* Debug */,
				8C7D5ABA2B2497CE0088488A /* Release */,
			);
			defaultConfigurationIsVisible = 0;
			defaultConfigurationName = Release;
		};
/* End XCConfigurationList section */
	};
	rootObject = 8C7D5AA22B2497CA0088488A /* Project object */;
}
